
Microsoft Visual Studio Solution File, Format Version 12.00
# Visual Studio Version 17
VisualStudioVersion = 17.3.32804.467
MinimumVisualStudioVersion = 10.0.40219.1
Project("{FAE04EC0-301F-11D3-BF4B-00C04F79EFBC}") = "wpf-controls", "wpf-controls\wpf-controls.csproj", "{B577DD89-0937-43B0-9C76-B08686CA77CE}"
EndProject
Project("{FAE04EC0-301F-11D3-BF4B-00C04F79EFBC}") = "controls-test", "controls-test\controls-test.csproj", "{CC9CDD93-B772-4571-8AE7-FF2A821D34C5}"
EndProject
Global
	GlobalSection(SolutionConfigurationPlatforms) = preSolution
		Debug|Any CPU = Debug|Any CPU
		Release|Any CPU = Release|Any CPU
	EndGlobalSection
	GlobalSection(ProjectConfigurationPlatforms) = postSolution
		{B577DD89-0937-43B0-9C76-B08686CA77CE}.Debug|Any CPU.ActiveCfg = Debug|Any CPU
		{B577DD89-0937-43B0-9C76-B08686CA77CE}.Debug|Any CPU.Build.0 = Debug|Any CPU
		{B577DD89-0937-43B0-9C76-B08686CA77CE}.Release|Any CPU.ActiveCfg = Release|Any CPU
		{B577DD89-0937-43B0-9C76-B08686CA77CE}.Release|Any CPU.Build.0 = Release|Any CPU
		{CC9CDD93-B772-4571-8AE7-FF2A821D34C5}.Debug|Any CPU.ActiveCfg = Debug|Any CPU
		{CC9CDD93-B772-4571-8AE7-FF2A821D34C5}.Debug|Any CPU.Build.0 = Debug|Any CPU
		{CC9CDD93-B772-4571-8AE7-FF2A821D34C5}.Release|Any CPU.ActiveCfg = Release|Any CPU
		{CC9CDD93-B772-4571-8AE7-FF2A821D34C5}.Release|Any CPU.Build.0 = Release|Any CPU
	EndGlobalSection
	GlobalSection(SolutionProperties) = preSolution
		HideSolutionNode = FALSE
	EndGlobalSection
	GlobalSection(ExtensibilityGlobals) = postSolution
		SolutionGuid = {8EFEF6D0-9F7A-4863-B1AA-F2F51642422A}
	EndGlobalSection
EndGlobal
